
Microsoft Visual Studio Solution File, Format Version 12.00
# Visual Studio Version 17
VisualStudioVersion = 17.4.33403.182
MinimumVisualStudioVersion = 10.0.40219.1
Project("{FAE04EC0-301F-11D3-BF4B-00C04F79EFBC}") = "KevNet7.Server", "KevNet7\Server\KevNet7.Server.csproj", "{C5916779-F023-42CA-AC83-7E574C2781DF}"
EndProject
Project("{FAE04EC0-301F-11D3-BF4B-00C04F79EFBC}") = "KevNet7.Client", "KevNet7\Client\KevNet7.Client.csproj", "{30C02087-2A42-4F29-926F-C466FE6F2D32}"
EndProject
Project("{FAE04EC0-301F-11D3-BF4B-00C04F79EFBC}") = "KevNet7.Shared", "KevNet7\Shared\KevNet7.Shared.csproj", "{53204CD0-12E7-4EA7-9E6B-D379DB83776F}"
EndProject
Global
	GlobalSection(SolutionConfigurationPlatforms) = preSolution
		Debug|Any CPU = Debug|Any CPU
		Release|Any CPU = Release|Any CPU
	EndGlobalSection
	GlobalSection(ProjectConfigurationPlatforms) = postSolution
		{C5916779-F023-42CA-AC83-7E574C2781DF}.Debug|Any CPU.ActiveCfg = Debug|Any CPU
		{C5916779-F023-42CA-AC83-7E574C2781DF}.Debug|Any CPU.Build.0 = Debug|Any CPU
		{C5916779-F023-42CA-AC83-7E574C2781DF}.Release|Any CPU.ActiveCfg = Release|Any CPU
		{C5916779-F023-42CA-AC83-7E574C2781DF}.Release|Any CPU.Build.0 = Release|Any CPU
		{30C02087-2A42-4F29-926F-C466FE6F2D32}.Debug|Any CPU.ActiveCfg = Debug|Any CPU
		{30C02087-2A42-4F29-926F-C466FE6F2D32}.Debug|Any CPU.Build.0 = Debug|Any CPU
		{30C02087-2A42-4F29-926F-C466FE6F2D32}.Release|Any CPU.ActiveCfg = Release|Any CPU
		{30C02087-2A42-4F29-926F-C466FE6F2D32}.Release|Any CPU.Build.0 = Release|Any CPU
		{53204CD0-12E7-4EA7-9E6B-D379DB83776F}.Debug|Any CPU.ActiveCfg = Debug|Any CPU
		{53204CD0-12E7-4EA7-9E6B-D379DB83776F}.Debug|Any CPU.Build.0 = Debug|Any CPU
		{53204CD0-12E7-4EA7-9E6B-D379DB83776F}.Release|Any CPU.ActiveCfg = Release|Any CPU
		{53204CD0-12E7-4EA7-9E6B-D379DB83776F}.Release|Any CPU.Build.0 = Release|Any CPU
	EndGlobalSection
	GlobalSection(SolutionProperties) = preSolution
		HideSolutionNode = FALSE
	EndGlobalSection
	GlobalSection(ExtensibilityGlobals) = postSolution
		SolutionGuid = {EAD44039-A8C8-4610-BC89-ED3843910749}
	EndGlobalSection
EndGlobal
